
Microsoft Visual Studio Solution File, Format Version 12.00
# Visual Studio Version 16
VisualStudioVersion = 16.0.30014.187
MinimumVisualStudioVersion = 10.0.40219.1
Project("{9A19103F-16F7-4668-BE54-9A1E7A4F7556}") = "Nebula", "Nebula.csproj", "{D1B25779-90BB-404C-87F3-454428515A3D}"
EndProject
Global
	GlobalSection(SolutionConfigurationPlatforms) = preSolution
		Debug|Any CPU = Debug|Any CPU
		Debug|x64 = Debug|x64
		Release|Any CPU = Release|Any CPU
		Release|x64 = Release|x64
	EndGlobalSection
	GlobalSection(ProjectConfigurationPlatforms) = postSolution
		{D1B25779-90BB-404C-87F3-454428515A3D}.Debug|Any CPU.ActiveCfg = Debug|Any CPU
		{D1B25779-90BB-404C-87F3-454428515A3D}.Debug|Any CPU.Build.0 = Debug|Any CPU
		{D1B25779-90BB-404C-87F3-454428515A3D}.Debug|x64.ActiveCfg = Debug|x64
		{D1B25779-90BB-404C-87F3-454428515A3D}.Debug|x64.Build.0 = Debug|x64
		{D1B25779-90BB-404C-87F3-454428515A3D}.Release|Any CPU.ActiveCfg = Release|Any CPU
		{D1B25779-90BB-404C-87F3-454428515A3D}.Release|Any CPU.Build.0 = Release|Any CPU
		{D1B25779-90BB-404C-87F3-454428515A3D}.Release|x64.ActiveCfg = Release|x64
		{D1B25779-90BB-404C-87F3-454428515A3D}.Release|x64.Build.0 = Release|x64
	EndGlobalSection
	GlobalSection(SolutionProperties) = preSolution
		HideSolutionNode = FALSE
	EndGlobalSection
	GlobalSection(ExtensibilityGlobals) = postSolution
		SolutionGuid = {5131A6AA-BAFD-4946-9AA8-A09A1944369F}
	EndGlobalSection
EndGlobal
